
Microsoft Visual Studio Solution File, Format Version 12.00
# Visual Studio 15
VisualStudioVersion = 15.0.28307.779
MinimumVisualStudioVersion = 10.0.40219.1
Project("{FAE04EC0-301F-11D3-BF4B-00C04F79EFBC}") = "Triangle", "Triangle\Triangle.csproj", "{3C0D2EC7-494D-4022-8DF1-C55247397D24}"
EndProject
Global
	GlobalSection(SolutionConfigurationPlatforms) = preSolution
		Debug|Any CPU = Debug|Any CPU
		Release|Any CPU = Release|Any CPU
	EndGlobalSection
	GlobalSection(ProjectConfigurationPlatforms) = postSolution
		{3C0D2EC7-494D-4022-8DF1-C55247397D24}.Debug|Any CPU.ActiveCfg = Debug|Any CPU
		{3C0D2EC7-494D-4022-8DF1-C55247397D24}.Debug|Any CPU.Build.0 = Debug|Any CPU
		{3C0D2EC7-494D-4022-8DF1-C55247397D24}.Release|Any CPU.ActiveCfg = Release|Any CPU
		{3C0D2EC7-494D-4022-8DF1-C55247397D24}.Release|Any CPU.Build.0 = Release|Any CPU
	EndGlobalSection
	GlobalSection(SolutionProperties) = preSolution
		HideSolutionNode = FALSE
	EndGlobalSection
	GlobalSection(ExtensibilityGlobals) = postSolution
		SolutionGuid = {86850425-867B-45F9-BE3A-E0F25E939198}
	EndGlobalSection
EndGlobal
